
Microsoft Visual Studio Solution File, Format Version 12.00
# Visual Studio Version 17
VisualStudioVersion = 17.2.32616.157
MinimumVisualStudioVersion = 10.0.40219.1
Project("{FAE04EC0-301F-11D3-BF4B-00C04F79EFBC}") = "TrackerLibrary", "TrackerLibrary\TrackerLibrary.csproj", "{F1D9CF9A-5A54-489C-A3BC-D3DD1898D791}"
EndProject
Global
	GlobalSection(SolutionConfigurationPlatforms) = preSolution
		Debug|Any CPU = Debug|Any CPU
		Release|Any CPU = Release|Any CPU
	EndGlobalSection
	GlobalSection(ProjectConfigurationPlatforms) = postSolution
		{F1D9CF9A-5A54-489C-A3BC-D3DD1898D791}.Debug|Any CPU.ActiveCfg = Debug|Any CPU
		{F1D9CF9A-5A54-489C-A3BC-D3DD1898D791}.Debug|Any CPU.Build.0 = Debug|Any CPU
		{F1D9CF9A-5A54-489C-A3BC-D3DD1898D791}.Release|Any CPU.ActiveCfg = Release|Any CPU
		{F1D9CF9A-5A54-489C-A3BC-D3DD1898D791}.Release|Any CPU.Build.0 = Release|Any CPU
	EndGlobalSection
	GlobalSection(SolutionProperties) = preSolution
		HideSolutionNode = FALSE
	EndGlobalSection
	GlobalSection(ExtensibilityGlobals) = postSolution
		SolutionGuid = {AB2C0ACC-7688-4CCD-A706-8CB684526EAF}
	EndGlobalSection
EndGlobal
